# THIS IS AN AUTOGENERATED FILE. DO NOT EDIT THIS FILE DIRECTLY.
# yarn lockfile v1


"@babel/generator@^7.1.6":
  version "7.4.4"
  resolved "http://registry.npm.qima-inc.com/@babel/generator/download/@babel/generator-7.4.4.tgz#174a215eb843fc392c7edcaabeaa873de6e8f041"
  integrity sha1-F0ohXrhD/DksftyqvqqHPebo8EE=
  dependencies:
    "@babel/types" "^7.4.4"
    jsesc "^2.5.1"
    lodash "^4.17.11"
    source-map "^0.5.0"
    trim-right "^1.0.1"

"@babel/parser@^7.1.6":
  version "7.4.4"
  resolved "http://registry.npm.qima-inc.com/@babel/parser/download/@babel/parser-7.4.4.tgz#5977129431b8fe33471730d255ce8654ae1250b6"
  integrity sha1-WXcSlDG4/jNHFzDSVc6GVK4SULY=

"@babel/types@^7.4.4":
  version "7.4.4"
  resolved "http://registry.npm.qima-inc.com/@babel/types/download/@babel/types-7.4.4.tgz#8db9e9a629bb7c29370009b4b779ed93fe57d5f0"
  integrity sha1-jbnppim7fCk3AAm0t3ntk/5X1fA=
  dependencies:
    esutils "^2.0.2"
    lodash "^4.17.11"
    to-fast-properties "^2.0.0"

big.js@^5.2.2:
  version "5.2.2"
  resolved "http://registry.npm.qima-inc.com/big.js/download/big.js-5.2.2.tgz#65f0af382f578bcdc742bd9c281e9cb2d7768328"
  integrity sha1-ZfCvOC9Xi83HQr2cKB6cstd2gyg=

colors@^1.0.3:
  version "1.3.3"
  resolved "http://registry.npm.qima-inc.com/colors/download/colors-1.3.3.tgz#39e005d546afe01e01f9c4ca8fa50f686a01205d"
  integrity sha1-OeAF1Uav4B4B+cTKj6UPaGoBIF0=

de-indent@^1.0.2:
  version "1.0.2"
  resolved "http://registry.npm.qima-inc.com/de-indent/download/de-indent-1.0.2.tgz#b2038e846dc33baa5796128d0804b455b8c1e21d"
  integrity sha1-sgOOhG3DO6pXlhKNCAS0VbjB4h0=

emojis-list@^2.0.0:
  version "2.1.0"
  resolved "http://registry.npm.qima-inc.com/emojis-list/download/emojis-list-2.1.0.tgz#4daa4d9db00f9819880c79fa457ae5b09a1fd389"
  integrity sha1-TapNnbAPmBmIDHn6RXrlsJof04k=

esutils@^2.0.2:
  version "2.0.2"
  resolved "http://registry.npm.qima-inc.com/esutils/download/esutils-2.0.2.tgz#0abf4f1caa5bcb1f7a9d8acc6dea4faaa04bac9b"
  integrity sha1-Cr9PHKpbyx96nYrMbepPqqBLrJs=

hash-sum@^1.0.2:
  version "1.0.2"
  resolved "http://registry.npm.qima-inc.com/hash-sum/download/hash-sum-1.0.2.tgz#33b40777754c6432573c120cc3808bbd10d47f04"
  integrity sha1-M7QHd3VMZDJXPBIMw4CLvRDUfwQ=

he@^1.1.0:
  version "1.2.0"
  resolved "http://registry.npm.qima-inc.com/he/download/he-1.2.0.tgz#84ae65fa7eafb165fddb61566ae14baf05664f0f"
  integrity sha1-hK5l+n6vsWX922FWauFLrwVmTw8=

jsesc@^2.5.1:
  version "2.5.2"
  resolved "http://registry.npm.qima-inc.com/jsesc/download/jsesc-2.5.2.tgz#80564d2e483dacf6e8ef209650a67df3f0c283a4"
  integrity sha1-gFZNLkg9rPbo7yCWUKZ98/DCg6Q=

json5@^1.0.1:
  version "1.0.1"
  resolved "http://registry.npm.qima-inc.com/json5/download/json5-1.0.1.tgz#779fb0018604fa854eacbf6252180d83543e3dbe"
  integrity sha1-d5+wAYYE+oVOrL9iUhgNg1Q+Pb4=
  dependencies:
    minimist "^1.2.0"

loader-utils@^1.2.3:
  version "1.2.3"
  resolved "http://registry.npm.qima-inc.com/loader-utils/download/loader-utils-1.2.3.tgz#1ff5dc6911c9f0a062531a4c04b609406108c2c7"
  integrity sha1-H/XcaRHJ8KBiUxpMBLYJQGEIwsc=
  dependencies:
    big.js "^5.2.2"
    emojis-list "^2.0.0"
    json5 "^1.0.1"

lodash@^4.17.11, lodash@^4.17.4:
  version "4.17.11"
  resolved "http://registry.npm.qima-inc.com/lodash/download/lodash-4.17.11.tgz#b39ea6229ef607ecd89e2c8df12536891cac9b8d"
  integrity sha1-s56mIp72B+zYniyN8SU2iRysm40=

lru-cache@^4.0.1:
  version "4.1.5"
  resolved "http://registry.npm.qima-inc.com/lru-cache/download/lru-cache-4.1.5.tgz#8bbe50ea85bed59bc9e33dcab8235ee9bcf443cd"
  integrity sha1-i75Q6oW+1ZvJ4z3KuCNe6bz0Q80=
  dependencies:
    pseudomap "^1.0.2"
    yallist "^2.1.2"

minimist@^1.2.0:
  version "1.2.0"
  resolved "http://registry.npm.qima-inc.com/minimist/download/minimist-1.2.0.tgz#a35008b20f41383eec1fb914f4cd5df79a264284"
  integrity sha1-o1AIsg9BOD7sH7kU9M1d95omQoQ=

pseudomap@^1.0.2:
  version "1.0.2"
  resolved "http://registry.npm.qima-inc.com/pseudomap/download/pseudomap-1.0.2.tgz#f052a28da70e618917ef0a8ac34c1ae5a68286b3"
  integrity sha1-8FKijacOYYkX7wqKw0wa5aaChrM=

source-map@^0.5.0:
  version "0.5.7"
  resolved "http://registry.npm.qima-inc.com/source-map/download/source-map-0.5.7.tgz#8a039d2d1021d22d1ea14c80d8ea468ba2ef3fcc"
  integrity sha1-igOdLRAh0i0eoUyA2OpGi6LvP8w=

to-fast-properties@^2.0.0:
  version "2.0.0"
  resolved "http://registry.npm.qima-inc.com/to-fast-properties/download/to-fast-properties-2.0.0.tgz#dc5e698cbd079265bc73e0377681a4e4e83f616e"
  integrity sha1-3F5pjL0HkmW8c+A3doGk5Og/YW4=

trim-right@^1.0.1:
  version "1.0.1"
  resolved "http://registry.npm.qima-inc.com/trim-right/download/trim-right-1.0.1.tgz#cb2e1203067e0c8de1f614094b9fe45704ea6003"
  integrity sha1-yy4SAwZ+DI3h9hQJS5/kVwTqYAM=

vue-template-compiler@^2.1.8:
  version "2.6.10"
  resolved "http://registry.npm.qima-inc.com/vue-template-compiler/download/vue-template-compiler-2.6.10.tgz#323b4f3495f04faa3503337a82f5d6507799c9cc"
  integrity sha1-MjtPNJXwT6o1AzN6gvXWUHeZycw=
  dependencies:
    de-indent "^1.0.2"
    he "^1.1.0"

yallist@^2.1.2:
  version "2.1.2"
  resolved "http://registry.npm.qima-inc.com/yallist/download/yallist-2.1.2.tgz#1c11f9218f076089a47dd512f93c6699a6a81d52"
  integrity sha1-HBH5IY8HYImkfdUS+TxmmaaoHVI=
